github.com/RoneoOrg/hugo-shortcode-roneo-button-icon-badge v0.0.0-20230109184756-e1cc3c8eac92 h1:y05mFt1opix/5t/y6QDlOt5Vt+XOaB1ophPkR9uot0o=
github.com/RoneoOrg/hugo-shortcode-roneo-button-icon-badge v0.0.0-20230109184756-e1cc3c8eac92/go.mod h1:RY/DHhKdKNATK+jJoOh9d3ckGC/humyhx6RNtjUN9j8=
github.com/theNewDynamic/gohugo-theme-ananke/v2 v2.12.1 h1:SxVd2+ADMcMiNSsCnAdBnoMMZAUfwHDCvDExZ5fRseo=
github.com/theNewDynamic/gohugo-theme-ananke/v2 v2.12.1/go.mod h1:+a6uqEsCq0+rqHWY5W5QA3P9DNnxcbyCw+CVEB+Uveg=
